
Microsoft Visual Studio Solution File, Format Version 12.00
# Visual Studio Version 17
VisualStudioVersion = 17.2.32616.157
MinimumVisualStudioVersion = 10.0.40219.1
Project("{FAE04EC0-301F-11D3-BF4B-00C04F79EFBC}") = "EclerxWindowsFormsApp", "EclerxWindowsFormsApp\EclerxWindowsFormsApp.csproj", "{FF537BE6-265C-4824-B8DF-E5E82F2CEA6C}"
EndProject
Global
	GlobalSection(SolutionConfigurationPlatforms) = preSolution
		Debug|Any CPU = Debug|Any CPU
		Release|Any CPU = Release|Any CPU
	EndGlobalSection
	GlobalSection(ProjectConfigurationPlatforms) = postSolution
		{FF537BE6-265C-4824-B8DF-E5E82F2CEA6C}.Debug|Any CPU.ActiveCfg = Debug|Any CPU
		{FF537BE6-265C-4824-B8DF-E5E82F2CEA6C}.Debug|Any CPU.Build.0 = Debug|Any CPU
		{FF537BE6-265C-4824-B8DF-E5E82F2CEA6C}.Release|Any CPU.ActiveCfg = Release|Any CPU
		{FF537BE6-265C-4824-B8DF-E5E82F2CEA6C}.Release|Any CPU.Build.0 = Release|Any CPU
	EndGlobalSection
	GlobalSection(SolutionProperties) = preSolution
		HideSolutionNode = FALSE
	EndGlobalSection
	GlobalSection(ExtensibilityGlobals) = postSolution
		SolutionGuid = {D5A18933-E6CD-4290-834D-88E1B128071B}
	EndGlobalSection
EndGlobal
